
Microsoft Visual Studio Solution File, Format Version 12.00
# Visual Studio Version 17
VisualStudioVersion = 17.14.36623.8 d17.14
MinimumVisualStudioVersion = 10.0.40219.1
Project("{FAE04EC0-301F-11D3-BF4B-00C04F79EFBC}") = "WinMenu", "WinMenu\WinMenu.csproj", "{20C11AFE-B498-4AC5-A36A-DE2721A2CCBA}"
EndProject
Global
	GlobalSection(SolutionConfigurationPlatforms) = preSolution
		Debug|Any CPU = Debug|Any CPU
		Release|Any CPU = Release|Any CPU
	EndGlobalSection
	GlobalSection(ProjectConfigurationPlatforms) = postSolution
		{20C11AFE-B498-4AC5-A36A-DE2721A2CCBA}.Debug|Any CPU.ActiveCfg = Debug|Any CPU
		{20C11AFE-B498-4AC5-A36A-DE2721A2CCBA}.Debug|Any CPU.Build.0 = Debug|Any CPU
		{20C11AFE-B498-4AC5-A36A-DE2721A2CCBA}.Release|Any CPU.ActiveCfg = Release|Any CPU
		{20C11AFE-B498-4AC5-A36A-DE2721A2CCBA}.Release|Any CPU.Build.0 = Release|Any CPU
	EndGlobalSection
	GlobalSection(SolutionProperties) = preSolution
		HideSolutionNode = FALSE
	EndGlobalSection
	GlobalSection(ExtensibilityGlobals) = postSolution
		SolutionGuid = {843C96D2-A4F4-4573-96E9-34751B27B39E}
	EndGlobalSection
EndGlobal
