
Microsoft Visual Studio Solution File, Format Version 12.00
# Visual Studio Version 17
VisualStudioVersion = 17.14.36518.9 d17.14
MinimumVisualStudioVersion = 10.0.40219.1
Project("{FAE04EC0-301F-11D3-BF4B-00C04F79EFBC}") = "AbractClass", "AbractClass\AbractClass.csproj", "{900605EB-3C8E-488C-A0A2-6756198FB7FB}"
EndProject
Global
	GlobalSection(SolutionConfigurationPlatforms) = preSolution
		Debug|Any CPU = Debug|Any CPU
		Release|Any CPU = Release|Any CPU
	EndGlobalSection
	GlobalSection(ProjectConfigurationPlatforms) = postSolution
		{900605EB-3C8E-488C-A0A2-6756198FB7FB}.Debug|Any CPU.ActiveCfg = Debug|Any CPU
		{900605EB-3C8E-488C-A0A2-6756198FB7FB}.Debug|Any CPU.Build.0 = Debug|Any CPU
		{900605EB-3C8E-488C-A0A2-6756198FB7FB}.Release|Any CPU.ActiveCfg = Release|Any CPU
		{900605EB-3C8E-488C-A0A2-6756198FB7FB}.Release|Any CPU.Build.0 = Release|Any CPU
	EndGlobalSection
	GlobalSection(SolutionProperties) = preSolution
		HideSolutionNode = FALSE
	EndGlobalSection
	GlobalSection(ExtensibilityGlobals) = postSolution
		SolutionGuid = {C34C9522-E060-46E4-BFFB-A4FB873AC2FC}
	EndGlobalSection
EndGlobal
