
Microsoft Visual Studio Solution File, Format Version 12.00
# Visual Studio Version 17
VisualStudioVersion = 17.14.36518.9 d17.14
MinimumVisualStudioVersion = 10.0.40219.1
Project("{FAE04EC0-301F-11D3-BF4B-00C04F79EFBC}") = "ExampleException", "ExampleException\ExampleException.csproj", "{B9AF44F3-1F68-45ED-BA16-09E64419F876}"
EndProject
Global
	GlobalSection(SolutionConfigurationPlatforms) = preSolution
		Debug|Any CPU = Debug|Any CPU
		Release|Any CPU = Release|Any CPU
	EndGlobalSection
	GlobalSection(ProjectConfigurationPlatforms) = postSolution
		{B9AF44F3-1F68-45ED-BA16-09E64419F876}.Debug|Any CPU.ActiveCfg = Debug|Any CPU
		{B9AF44F3-1F68-45ED-BA16-09E64419F876}.Debug|Any CPU.Build.0 = Debug|Any CPU
		{B9AF44F3-1F68-45ED-BA16-09E64419F876}.Release|Any CPU.ActiveCfg = Release|Any CPU
		{B9AF44F3-1F68-45ED-BA16-09E64419F876}.Release|Any CPU.Build.0 = Release|Any CPU
	EndGlobalSection
	GlobalSection(SolutionProperties) = preSolution
		HideSolutionNode = FALSE
	EndGlobalSection
	GlobalSection(ExtensibilityGlobals) = postSolution
		SolutionGuid = {6FC60B4F-99BA-4466-90A1-418D0BCE848F}
	EndGlobalSection
EndGlobal
