
Microsoft Visual Studio Solution File, Format Version 12.00
# Visual Studio Version 17
VisualStudioVersion = 17.14.36109.1 d17.14
MinimumVisualStudioVersion = 10.0.40219.1
Project("{FAE04EC0-301F-11D3-BF4B-00C04F79EFBC}") = "ExampleLib", "ExampleLib\ExampleLib.csproj", "{63A395F2-20F8-4D42-B32A-B098C55EFC98}"
EndProject
Project("{FAE04EC0-301F-11D3-BF4B-00C04F79EFBC}") = "MyCalculator", "MyCalculator\MyCalculator.csproj", "{66DE0ECE-DBE8-41AE-ABC0-CD93F357AB62}"
EndProject
Project("{FAE04EC0-301F-11D3-BF4B-00C04F79EFBC}") = "Privat24", "Privat24\Privat24.csproj", "{1D755CC6-ECF7-40DC-8E7B-5BC09713C1F4}"
EndProject
Global
	GlobalSection(SolutionConfigurationPlatforms) = preSolution
		Debug|Any CPU = Debug|Any CPU
		Release|Any CPU = Release|Any CPU
	EndGlobalSection
	GlobalSection(ProjectConfigurationPlatforms) = postSolution
		{63A395F2-20F8-4D42-B32A-B098C55EFC98}.Debug|Any CPU.ActiveCfg = Debug|Any CPU
		{63A395F2-20F8-4D42-B32A-B098C55EFC98}.Debug|Any CPU.Build.0 = Debug|Any CPU
		{63A395F2-20F8-4D42-B32A-B098C55EFC98}.Release|Any CPU.ActiveCfg = Release|Any CPU
		{63A395F2-20F8-4D42-B32A-B098C55EFC98}.Release|Any CPU.Build.0 = Release|Any CPU
		{66DE0ECE-DBE8-41AE-ABC0-CD93F357AB62}.Debug|Any CPU.ActiveCfg = Debug|Any CPU
		{66DE0ECE-DBE8-41AE-ABC0-CD93F357AB62}.Debug|Any CPU.Build.0 = Debug|Any CPU
		{66DE0ECE-DBE8-41AE-ABC0-CD93F357AB62}.Release|Any CPU.ActiveCfg = Release|Any CPU
		{66DE0ECE-DBE8-41AE-ABC0-CD93F357AB62}.Release|Any CPU.Build.0 = Release|Any CPU
		{1D755CC6-ECF7-40DC-8E7B-5BC09713C1F4}.Debug|Any CPU.ActiveCfg = Debug|Any CPU
		{1D755CC6-ECF7-40DC-8E7B-5BC09713C1F4}.Debug|Any CPU.Build.0 = Debug|Any CPU
		{1D755CC6-ECF7-40DC-8E7B-5BC09713C1F4}.Release|Any CPU.ActiveCfg = Release|Any CPU
		{1D755CC6-ECF7-40DC-8E7B-5BC09713C1F4}.Release|Any CPU.Build.0 = Release|Any CPU
	EndGlobalSection
	GlobalSection(SolutionProperties) = preSolution
		HideSolutionNode = FALSE
	EndGlobalSection
	GlobalSection(ExtensibilityGlobals) = postSolution
		SolutionGuid = {78F890D3-0F2B-4355-A691-7D39394EB906}
	EndGlobalSection
EndGlobal
