
Microsoft Visual Studio Solution File, Format Version 12.00
# Visual Studio Version 17
VisualStudioVersion = 17.14.36518.9 d17.14
MinimumVisualStudioVersion = 10.0.40219.1
Project("{FAE04EC0-301F-11D3-BF4B-00C04F79EFBC}") = "MyComparable", "MyComparable\MyComparable.csproj", "{BAF19316-259D-48AF-960D-4862567FFCF9}"
EndProject
Global
	GlobalSection(SolutionConfigurationPlatforms) = preSolution
		Debug|Any CPU = Debug|Any CPU
		Release|Any CPU = Release|Any CPU
	EndGlobalSection
	GlobalSection(ProjectConfigurationPlatforms) = postSolution
		{BAF19316-259D-48AF-960D-4862567FFCF9}.Debug|Any CPU.ActiveCfg = Debug|Any CPU
		{BAF19316-259D-48AF-960D-4862567FFCF9}.Debug|Any CPU.Build.0 = Debug|Any CPU
		{BAF19316-259D-48AF-960D-4862567FFCF9}.Release|Any CPU.ActiveCfg = Release|Any CPU
		{BAF19316-259D-48AF-960D-4862567FFCF9}.Release|Any CPU.Build.0 = Release|Any CPU
	EndGlobalSection
	GlobalSection(SolutionProperties) = preSolution
		HideSolutionNode = FALSE
	EndGlobalSection
	GlobalSection(ExtensibilityGlobals) = postSolution
		SolutionGuid = {E6F7E5F0-AA04-481D-A517-1977CAE8EACD}
	EndGlobalSection
EndGlobal
